
Microsoft Visual Studio Solution File, Format Version 12.00
# Visual Studio Express 2012 for Windows Phone
Project("{FAE04EC0-301F-11D3-BF4B-00C04F79EFBC}") = "MeetMeHereWP8", "MeetMeHereWP8\MeetMeHereWP8.csproj", "{87B248D3-DB1B-4F98-8BA1-267F98049DF4}"
EndProject
Project("{FAE04EC0-301F-11D3-BF4B-00C04F79EFBC}") = "RateMyApp", "RateMyApp\RateMyApp.csproj", "{83C47431-2793-48E3-A2FB-CC6702523314}"
EndProject
Project("{FAE04EC0-301F-11D3-BF4B-00C04F79EFBC}") = "UpdateTileScheduledTaskAgent", "UpdateTileScheduledTaskAgent\UpdateTileScheduledTaskAgent.csproj", "{4E888D0D-9AC1-4DA8-8AE2-5FBD8FC561DC}"
EndProject
Project("{FAE04EC0-301F-11D3-BF4B-00C04F79EFBC}") = "MeetMeHere.Support", "MeetMeHere.Support\MeetMeHere.Support.csproj", "{D3ADD292-1BFC-4630-9CA9-AABD28E77F0F}"
EndProject
Global
	GlobalSection(SolutionConfigurationPlatforms) = preSolution
		Debug|Any CPU = Debug|Any CPU
		Debug|ARM = Debug|ARM
		Debug|x86 = Debug|x86
		Release|Any CPU = Release|Any CPU
		Release|ARM = Release|ARM
		Release|x86 = Release|x86
	EndGlobalSection
	GlobalSection(ProjectConfigurationPlatforms) = postSolution
		{87B248D3-DB1B-4F98-8BA1-267F98049DF4}.Debug|Any CPU.ActiveCfg = Debug|Any CPU
		{87B248D3-DB1B-4F98-8BA1-267F98049DF4}.Debug|Any CPU.Build.0 = Debug|Any CPU
		{87B248D3-DB1B-4F98-8BA1-267F98049DF4}.Debug|Any CPU.Deploy.0 = Debug|Any CPU
		{87B248D3-DB1B-4F98-8BA1-267F98049DF4}.Debug|ARM.ActiveCfg = Debug|ARM
		{87B248D3-DB1B-4F98-8BA1-267F98049DF4}.Debug|ARM.Build.0 = Debug|ARM
		{87B248D3-DB1B-4F98-8BA1-267F98049DF4}.Debug|ARM.Deploy.0 = Debug|ARM
		{87B248D3-DB1B-4F98-8BA1-267F98049DF4}.Debug|x86.ActiveCfg = Debug|x86
		{87B248D3-DB1B-4F98-8BA1-267F98049DF4}.Debug|x86.Build.0 = Debug|x86
		{87B248D3-DB1B-4F98-8BA1-267F98049DF4}.Debug|x86.Deploy.0 = Debug|x86
		{87B248D3-DB1B-4F98-8BA1-267F98049DF4}.Release|Any CPU.ActiveCfg = Release|Any CPU
		{87B248D3-DB1B-4F98-8BA1-267F98049DF4}.Release|Any CPU.Build.0 = Release|Any CPU
		{87B248D3-DB1B-4F98-8BA1-267F98049DF4}.Release|Any CPU.Deploy.0 = Release|Any CPU
		{87B248D3-DB1B-4F98-8BA1-267F98049DF4}.Release|ARM.ActiveCfg = Release|ARM
		{87B248D3-DB1B-4F98-8BA1-267F98049DF4}.Release|ARM.Build.0 = Release|ARM
		{87B248D3-DB1B-4F98-8BA1-267F98049DF4}.Release|ARM.Deploy.0 = Release|ARM
		{87B248D3-DB1B-4F98-8BA1-267F98049DF4}.Release|x86.ActiveCfg = Release|x86
		{87B248D3-DB1B-4F98-8BA1-267F98049DF4}.Release|x86.Build.0 = Release|x86
		{87B248D3-DB1B-4F98-8BA1-267F98049DF4}.Release|x86.Deploy.0 = Release|x86
		{83C47431-2793-48E3-A2FB-CC6702523314}.Debug|Any CPU.ActiveCfg = Debug|Any CPU
		{83C47431-2793-48E3-A2FB-CC6702523314}.Debug|Any CPU.Build.0 = Debug|Any CPU
		{83C47431-2793-48E3-A2FB-CC6702523314}.Debug|ARM.ActiveCfg = Debug|Any CPU
		{83C47431-2793-48E3-A2FB-CC6702523314}.Debug|x86.ActiveCfg = Debug|Any CPU
		{83C47431-2793-48E3-A2FB-CC6702523314}.Release|Any CPU.ActiveCfg = Release|Any CPU
		{83C47431-2793-48E3-A2FB-CC6702523314}.Release|Any CPU.Build.0 = Release|Any CPU
		{83C47431-2793-48E3-A2FB-CC6702523314}.Release|ARM.ActiveCfg = Release|Any CPU
		{83C47431-2793-48E3-A2FB-CC6702523314}.Release|x86.ActiveCfg = Release|Any CPU
		{4E888D0D-9AC1-4DA8-8AE2-5FBD8FC561DC}.Debug|Any CPU.ActiveCfg = Debug|Any CPU
		{4E888D0D-9AC1-4DA8-8AE2-5FBD8FC561DC}.Debug|Any CPU.Build.0 = Debug|Any CPU
		{4E888D0D-9AC1-4DA8-8AE2-5FBD8FC561DC}.Debug|ARM.ActiveCfg = Debug|ARM
		{4E888D0D-9AC1-4DA8-8AE2-5FBD8FC561DC}.Debug|ARM.Build.0 = Debug|ARM
		{4E888D0D-9AC1-4DA8-8AE2-5FBD8FC561DC}.Debug|x86.ActiveCfg = Debug|x86
		{4E888D0D-9AC1-4DA8-8AE2-5FBD8FC561DC}.Debug|x86.Build.0 = Debug|x86
		{4E888D0D-9AC1-4DA8-8AE2-5FBD8FC561DC}.Release|Any CPU.ActiveCfg = Release|Any CPU
		{4E888D0D-9AC1-4DA8-8AE2-5FBD8FC561DC}.Release|Any CPU.Build.0 = Release|Any CPU
		{4E888D0D-9AC1-4DA8-8AE2-5FBD8FC561DC}.Release|ARM.ActiveCfg = Release|ARM
		{4E888D0D-9AC1-4DA8-8AE2-5FBD8FC561DC}.Release|ARM.Build.0 = Release|ARM
		{4E888D0D-9AC1-4DA8-8AE2-5FBD8FC561DC}.Release|x86.ActiveCfg = Release|x86
		{4E888D0D-9AC1-4DA8-8AE2-5FBD8FC561DC}.Release|x86.Build.0 = Release|x86
		{D3ADD292-1BFC-4630-9CA9-AABD28E77F0F}.Debug|Any CPU.ActiveCfg = Debug|Any CPU
		{D3ADD292-1BFC-4630-9CA9-AABD28E77F0F}.Debug|Any CPU.Build.0 = Debug|Any CPU
		{D3ADD292-1BFC-4630-9CA9-AABD28E77F0F}.Debug|ARM.ActiveCfg = Debug|ARM
		{D3ADD292-1BFC-4630-9CA9-AABD28E77F0F}.Debug|ARM.Build.0 = Debug|ARM
		{D3ADD292-1BFC-4630-9CA9-AABD28E77F0F}.Debug|x86.ActiveCfg = Debug|x86
		{D3ADD292-1BFC-4630-9CA9-AABD28E77F0F}.Debug|x86.Build.0 = Debug|x86
		{D3ADD292-1BFC-4630-9CA9-AABD28E77F0F}.Release|Any CPU.ActiveCfg = Release|Any CPU
		{D3ADD292-1BFC-4630-9CA9-AABD28E77F0F}.Release|Any CPU.Build.0 = Release|Any CPU
		{D3ADD292-1BFC-4630-9CA9-AABD28E77F0F}.Release|ARM.ActiveCfg = Release|ARM
		{D3ADD292-1BFC-4630-9CA9-AABD28E77F0F}.Release|ARM.Build.0 = Release|ARM
		{D3ADD292-1BFC-4630-9CA9-AABD28E77F0F}.Release|x86.ActiveCfg = Release|x86
		{D3ADD292-1BFC-4630-9CA9-AABD28E77F0F}.Release|x86.Build.0 = Release|x86
	EndGlobalSection
	GlobalSection(SolutionProperties) = preSolution
		HideSolutionNode = FALSE
	EndGlobalSection
EndGlobal
